<?xml version="1.0" encoding="utf-8"?>
<Project ToolsVersion="4.0" xmlns="http://schemas.microsoft.com/developer/msbuild/2003">
  <ItemGroup>
    <Filter Include="8_1_Excel">
      <UniqueIdentifier>{08343bc4-36ee-47ec-8720-fcfe5f7331bc}</UniqueIdentifier>
    </Filter>
    <Filter Include="8_2_Excel">
      <UniqueIdentifier>{da35a05b-6ace-442a-808e-951321db642d}</UniqueIdentifier>
    </Filter>
    <Filter Include="9_1_Template">
      <UniqueIdentifier>{385bb4a5-344f-4d11-a098-0bb2f5cf7b48}</UniqueIdentifier>
    </Filter>
  </ItemGroup>
  <ItemGroup>
    <ClCompile Include="pch.cpp" />
    <ClCompile Include="main.cpp" />
    <ClCompile Include="MyVector.cpp">
      <Filter>8_1_Excel</Filter>
    </ClCompile>
    <ClCompile Include="MyStack.cpp">
      <Filter>8_1_Excel</Filter>
    </ClCompile>
    <ClCompile Include="MyNumStack.cpp">
      <Filter>8_1_Excel</Filter>
    </ClCompile>
    <ClCompile Include="Cell.cpp">
      <Filter>8_1_Excel</Filter>
    </ClCompile>
    <ClCompile Include="Table.cpp">
      <Filter>8_1_Excel</Filter>
    </ClCompile>
    <ClCompile Include="HtmlTable.cpp">
      <Filter>8_1_Excel</Filter>
    </ClCompile>
    <ClCompile Include="CSVTable.cpp">
      <Filter>8_1_Excel</Filter>
    </ClCompile>
    <ClCompile Include="TxtTable.cpp">
      <Filter>8_1_Excel</Filter>
    </ClCompile>
    <ClCompile Include="StringCell.cpp">
      <Filter>8_1_Excel</Filter>
    </ClCompile>
    <ClCompile Include="NumberCell.cpp">
      <Filter>8_1_Excel</Filter>
    </ClCompile>
    <ClCompile Include="DateCell.cpp">
      <Filter>8_1_Excel</Filter>
    </ClCompile>
    <ClCompile Include="ExprCell.cpp">
      <Filter>8_2_Excel</Filter>
    </ClCompile>
    <ClCompile Include="MyExcel.cpp">
      <Filter>8_2_Excel</Filter>
    </ClCompile>
  </ItemGroup>
  <ItemGroup>
    <ClInclude Include="pch.h" />
    <ClInclude Include="MyVector.h">
      <Filter>8_1_Excel</Filter>
    </ClInclude>
    <ClInclude Include="MyStack.h">
      <Filter>8_1_Excel</Filter>
    </ClInclude>
    <ClInclude Include="MyNumStack.h">
      <Filter>8_1_Excel</Filter>
    </ClInclude>
    <ClInclude Include="Cell.h">
      <Filter>8_1_Excel</Filter>
    </ClInclude>
    <ClInclude Include="Table.h">
      <Filter>8_1_Excel</Filter>
    </ClInclude>
    <ClInclude Include="HtmlTable.h">
      <Filter>8_1_Excel</Filter>
    </ClInclude>
    <ClInclude Include="CSVTable.h">
      <Filter>8_1_Excel</Filter>
    </ClInclude>
    <ClInclude Include="StringCell.h">
      <Filter>8_1_Excel</Filter>
    </ClInclude>
    <ClInclude Include="TxtTable.h">
      <Filter>8_1_Excel</Filter>
    </ClInclude>
    <ClInclude Include="NumberCell.h">
      <Filter>8_1_Excel</Filter>
    </ClInclude>
    <ClInclude Include="DateCell.h">
      <Filter>8_1_Excel</Filter>
    </ClInclude>
    <ClInclude Include="ExprCell.h">
      <Filter>8_2_Excel</Filter>
    </ClInclude>
    <ClInclude Include="MyExcel.h">
      <Filter>8_2_Excel</Filter>
    </ClInclude>
    <ClInclude Include="9_1_Vector.h">
      <Filter>9_1_Template</Filter>
    </ClInclude>
    <ClInclude Include="FuncTemplate.h">
      <Filter>9_1_Template</Filter>
    </ClInclude>
    <ClInclude Include="VariadicTemplate.h">
      <Filter>9_1_Template</Filter>
    </ClInclude>
    <ClInclude Include="MyArray.h">
      <Filter>9_1_Template</Filter>
    </ClInclude>
    <ClInclude Include="TMP.h">
      <Filter>9_1_Template</Filter>
    </ClInclude>
    <ClInclude Include="Ratio.h">
      <Filter>9_1_Template</Filter>
    </ClInclude>
  </ItemGroup>
</Project>