<?xml version="1.0" encoding="utf-8"?>
<Project ToolsVersion="4.0" xmlns="http://schemas.microsoft.com/developer/msbuild/2003">
  <ItemGroup>
    <Filter Include="Resource Files">
      <UniqueIdentifier>{67DA6AB6-F800-4c08-8B7A-83BB121AAD01}</UniqueIdentifier>
      <Extensions>rc;ico;cur;bmp;dlg;rc2;rct;bin;rgs;gif;jpg;jpeg;jpe;resx;tiff;tif;png;wav;mfcribbon-ms</Extensions>
    </Filter>
    <Filter Include="8_1_Excel">
      <UniqueIdentifier>{08343bc4-36ee-47ec-8720-fcfe5f7331bc}</UniqueIdentifier>
    </Filter>
  </ItemGroup>
  <ItemGroup>
    <ClCompile Include="pch.cpp" />
    <ClCompile Include="main.cpp" />
    <ClCompile Include="MyVector.cpp">
      <Filter>8_1_Excel</Filter>
    </ClCompile>
    <ClCompile Include="MyStack.cpp">
      <Filter>8_1_Excel</Filter>
    </ClCompile>
    <ClCompile Include="MyNumStack.cpp">
      <Filter>8_1_Excel</Filter>
    </ClCompile>
    <ClCompile Include="Cell.cpp">
      <Filter>8_1_Excel</Filter>
    </ClCompile>
    <ClCompile Include="Table.cpp">
      <Filter>8_1_Excel</Filter>
    </ClCompile>
  </ItemGroup>
  <ItemGroup>
    <ClInclude Include="pch.h" />
    <ClInclude Include="MyVector.h">
      <Filter>8_1_Excel</Filter>
    </ClInclude>
    <ClInclude Include="MyStack.h">
      <Filter>8_1_Excel</Filter>
    </ClInclude>
    <ClInclude Include="MyNumStack.h">
      <Filter>8_1_Excel</Filter>
    </ClInclude>
    <ClInclude Include="Cell.h">
      <Filter>8_1_Excel</Filter>
    </ClInclude>
    <ClInclude Include="Table.h">
      <Filter>8_1_Excel</Filter>
    </ClInclude>
  </ItemGroup>
</Project>